# THIS IS AN AUTOGENERATED FILE. DO NOT EDIT THIS FILE DIRECTLY.
# yarn lockfile v1


makefile@^0.0.2:
  version "0.0.2"
  resolved "https://registry.yarnpkg.com/makefile/-/makefile-0.0.2.tgz#28438192feb4bc802d7fbfe0b6e6847bc54f79d5"
  integrity sha512-4EWKtcqYZaA1KtSjqTnqyr7RMFjZlJkoXCbSn2pwhiUC7BYa4BTMrQzNq/fQ9WsOpMndcnHABjp2Otu9a6rThg==
